# @generated by Move, please check-in and do not edit manually.

[move]
version = 0
manifest_digest = "B48B07A059D84D32462EDAB5E7F547BCBAE26C9F4A2DC5868C8FA013B5534BD1"
deps_digest = "397E6A9F7A624706DBDFEE056CE88391A15876868FD18A88504DA74EB458D697"

dependencies = [
  { name = "HyperlaneIGP" },
  { name = "HyperlaneISM" },
  { name = "HyperlaneLibrary" },
  { name = "HyperlaneRouter" },
  { name = "Sui" },
]

[[move.package]]
name = "HyperlaneIGP"
source = { local = "../igps" }

dependencies = [
  { name = "HyperlaneLibrary" },
  { name = "Sui" },
]

[[move.package]]
name = "HyperlaneISM"
source = { local = "../isms" }

dependencies = [
  { name = "HyperlaneLibrary" },
  { name = "Sui" },
]

[[move.package]]
name = "HyperlaneLibrary"
source = { local = "../library" }

dependencies = [
  { name = "Sui" },
]

[[move.package]]
name = "HyperlaneRouter"
source = { local = "../router" }

dependencies = [
  { name = "HyperlaneLibrary" },
  { name = "Sui" },
]

[[move.package]]
name = "MoveStdlib"
source = { git = "https://github.com/MystenLabs/sui.git", rev = "framework/testnet", subdir = "crates/sui-framework/packages/move-stdlib" }

[[move.package]]
name = "Sui"
source = { git = "https://github.com/MystenLabs/sui.git", rev = "framework/testnet", subdir = "crates/sui-framework/packages/sui-framework" }

dependencies = [
  { name = "MoveStdlib" },
]
