# Code generated by scarb DO NOT EDIT.
version = 1

[[package]]
name = "alexandria_bytes"
version = "0.1.0"
source = "git+https://github.com/keep-starknet-strange/alexandria.git?rev=bcdca70#bcdca70afdf59c9976148e95cebad5cf63d75a7f"
dependencies = [
 "alexandria_data_structures",
 "alexandria_math",
]

[[package]]
name = "alexandria_data_structures"
version = "0.2.0"
source = "git+https://github.com/keep-starknet-strange/alexandria.git?rev=bcdca70#bcdca70afdf59c9976148e95cebad5cf63d75a7f"
dependencies = [
 "alexandria_encoding",
]

[[package]]
name = "alexandria_encoding"
version = "0.1.0"
source = "git+https://github.com/keep-starknet-strange/alexandria.git?rev=bcdca70#bcdca70afdf59c9976148e95cebad5cf63d75a7f"
dependencies = [
 "alexandria_bytes",
 "alexandria_math",
 "alexandria_numeric",
]

[[package]]
name = "alexandria_math"
version = "0.2.0"
source = "git+https://github.com/keep-starknet-strange/alexandria.git?rev=bcdca70#bcdca70afdf59c9976148e95cebad5cf63d75a7f"
dependencies = [
 "alexandria_data_structures",
]

[[package]]
name = "alexandria_numeric"
version = "0.1.0"
source = "git+https://github.com/keep-starknet-strange/alexandria.git?rev=bcdca70#bcdca70afdf59c9976148e95cebad5cf63d75a7f"
dependencies = [
 "alexandria_math",
 "alexandria_searching",
]

[[package]]
name = "alexandria_searching"
version = "0.1.0"
source = "git+https://github.com/keep-starknet-strange/alexandria.git?rev=bcdca70#bcdca70afdf59c9976148e95cebad5cf63d75a7f"
dependencies = [
 "alexandria_data_structures",
]

[[package]]
name = "alexandria_storage"
version = "0.3.0"
source = "git+https://github.com/keep-starknet-strange/alexandria.git?rev=bcdca70#bcdca70afdf59c9976148e95cebad5cf63d75a7f"

[[package]]
name = "contracts"
version = "0.0.6"
dependencies = [
 "alexandria_bytes",
 "alexandria_storage",
 "mocks",
 "openzeppelin",
 "snforge_std",
]

[[package]]
name = "mocks"
version = "0.0.6"
dependencies = [
 "alexandria_bytes",
 "alexandria_storage",
 "contracts",
 "openzeppelin",
 "token",
]

[[package]]
name = "openzeppelin"
version = "0.14.0"
source = "git+https://github.com/OpenZeppelin/cairo-contracts.git?tag=v0.14.0#f091c4f51ddeb10297db984acae965328c5a4e5b"

[[package]]
name = "snforge_std"
version = "0.22.0"
source = "git+https://github.com/foundry-rs/starknet-foundry?tag=v0.22.0#9b215944c6c5871c738381b4ded61bbf06e7ba35"

[[package]]
name = "token"
version = "0.0.1"
dependencies = [
 "alexandria_bytes",
 "alexandria_storage",
 "contracts",
 "mocks",
 "openzeppelin",
 "snforge_std",
]
