# @generated by Move, please check-in and do not edit manually.

[move]
version = 0
manifest_digest = "5D3B79288C69080C287B8D301E94393A0CDF5205912760F99B287804B83E1AAA"
deps_digest = "3C4103934B1E040BB6B23F1D610B4EF9F2F1166A50A104EADCF77467C004C600"

dependencies = [
  { name = "HyperlaneLibrary" },
  { name = "Sui" },
]

[[move.package]]
name = "HyperlaneLibrary"
source = { local = "../library" }

dependencies = [
  { name = "Sui" },
]

[[move.package]]
name = "MoveStdlib"
source = { git = "https://github.com/MystenLabs/sui.git", rev = "framework/testnet", subdir = "crates/sui-framework/packages/move-stdlib" }

[[move.package]]
name = "Sui"
source = { git = "https://github.com/MystenLabs/sui.git", rev = "framework/testnet", subdir = "crates/sui-framework/packages/sui-framework" }

dependencies = [
  { name = "MoveStdlib" },
]
